
Microsoft Visual Studio Solution File, Format Version 12.00
# Visual Studio Version 17
VisualStudioVersion = 17.4.33205.214
MinimumVisualStudioVersion = 10.0.40219.1
Project("{FAE04EC0-301F-11D3-BF4B-00C04F79EFBC}") = "projecte", "projecte\projecte.csproj", "{C8FB69D1-3083-4946-9AA4-BC45F9BFBD09}"
EndProject
Global
	GlobalSection(SolutionConfigurationPlatforms) = preSolution
		Debug|Any CPU = Debug|Any CPU
		Release|Any CPU = Release|Any CPU
	EndGlobalSection
	GlobalSection(ProjectConfigurationPlatforms) = postSolution
		{C8FB69D1-3083-4946-9AA4-BC45F9BFBD09}.Debug|Any CPU.ActiveCfg = Debug|Any CPU
		{C8FB69D1-3083-4946-9AA4-BC45F9BFBD09}.Debug|Any CPU.Build.0 = Debug|Any CPU
		{C8FB69D1-3083-4946-9AA4-BC45F9BFBD09}.Release|Any CPU.ActiveCfg = Release|Any CPU
		{C8FB69D1-3083-4946-9AA4-BC45F9BFBD09}.Release|Any CPU.Build.0 = Release|Any CPU
	EndGlobalSection
	GlobalSection(SolutionProperties) = preSolution
		HideSolutionNode = FALSE
	EndGlobalSection
	GlobalSection(ExtensibilityGlobals) = postSolution
		SolutionGuid = {02AE722C-684B-4E31-B0FF-AE9F9741DCDE}
	EndGlobalSection
EndGlobal
